{
  "version": 4,
  "terraform_version": "1.3.1",
  "serial": 9,
  "lineage": "9c287baf-67df-989b-b425-6d3e6f8297cd",
  "outputs": {},
  "resources": [
    {
      "mode": "data",
      "type": "azurerm_client_config",
      "name": "current",
      "provider": "provider[\"registry.terraform.io/hashicorp/azurerm\"]",
      "instances": [
        {
          "schema_version": 0,
          "attributes": {
            "client_id": "04b07795-8ddb-461a-bbee-02f9e1bf7b46",
            "id": "Y2xpZW50Q29uZmlncy9jbGllbnRJZD0wNGIwNzc5NS04ZGRiLTQ2MWEtYmJlZS0wMmY5ZTFiZjdiNDY7b2JqZWN0SWQ9ZmMyY2E1NjgtZGMyZC00MmU3LTlhMGMtODY0NjU0OTc5ZjdlO3N1YnNjcmlwdGlvbklkPTc2ZTkyZDhmLTk3OTMtNGVjNi1iMWE3LWMxMzY2MGVlNTI5Mzt0ZW5hbnRJZD0wYzVlMzlmZC1mYmNmLTQ0YWUtYmUxYS0xZTZmYTg1MTNiNTg=",
            "object_id": "fc2ca568-dc2d-42e7-9a0c-864654979f7e",
            "subscription_id": "76e92d8f-9793-4ec6-b1a7-c13660ee5293",
            "tenant_id": "0c5e39fd-fbcf-44ae-be1a-1e6fa8513b58",
            "timeouts": null
          },
          "sensitive_attributes": []
        }
      ]
    },
    {
      "mode": "managed",
      "type": "azurerm_app_service_source_control",
      "name": "sourcecontrol",
      "provider": "provider[\"registry.terraform.io/hashicorp/azurerm\"]",
      "instances": [
        {
          "schema_version": 0,
          "attributes": {
            "app_id": "/subscriptions/76e92d8f-9793-4ec6-b1a7-c13660ee5293/resourceGroups/fsdevops-app01/providers/Microsoft.Web/sites/fsdevopsWebapp2022",
            "branch": "main",
            "github_action_configuration": [],
            "id": "/subscriptions/76e92d8f-9793-4ec6-b1a7-c13660ee5293/resourceGroups/fsdevops-app01/providers/Microsoft.Web/sites/fsdevopsWebapp2022",
            "repo_url": "https://github.com/hokaiyipFS/php-docs-hello-world",
            "rollback_enabled": false,
            "scm_type": "ExternalGit",
            "timeouts": null,
            "use_local_git": false,
            "use_manual_integration": true,
            "use_mercurial": false,
            "uses_github_action": false
          },
          "sensitive_attributes": [],
          "private": "eyJlMmJmYjczMC1lY2FhLTExZTYtOGY4OC0zNDM2M2JjN2M0YzAiOnsiY3JlYXRlIjoxODAwMDAwMDAwMDAwLCJkZWxldGUiOjE4MDAwMDAwMDAwMDAsInJlYWQiOjMwMDAwMDAwMDAwMH19",
          "dependencies": [
            "azurerm_linux_web_app.webapp",
            "azurerm_resource_group.rg",
            "azurerm_service_plan.appserviceplan"
          ]
        }
      ]
    },
    {
      "mode": "managed",
      "type": "azurerm_linux_web_app",
      "name": "webapp",
      "provider": "provider[\"registry.terraform.io/hashicorp/azurerm\"]",
      "instances": [
        {
          "schema_version": 0,
          "attributes": {
            "app_settings": {
              "WEBSITE_DNS_SERVER": "168.63.129.16"
            },
            "auth_settings": [
              {
                "active_directory": [],
                "additional_login_parameters": {},
                "allowed_external_redirect_urls": [],
                "default_provider": "",
                "enabled": false,
                "facebook": [],
                "github": [],
                "google": [],
                "issuer": "",
                "microsoft": [],
                "runtime_version": "",
                "token_refresh_extension_hours": 0,
                "token_store_enabled": false,
                "twitter": [],
                "unauthenticated_client_action": ""
              }
            ],
            "backup": [],
            "client_affinity_enabled": false,
            "client_certificate_enabled": false,
            "client_certificate_exclusion_paths": "",
            "client_certificate_mode": "Required",
            "connection_string": [],
            "custom_domain_verification_id": "DF332C708C21A0A9ABC2D9F5D74D7D79C992C6C301666FAA15B9819B211205F5",
            "default_hostname": "fsdevopswebapp2022.azurewebsites.net",
            "enabled": true,
            "https_only": true,
            "id": "/subscriptions/76e92d8f-9793-4ec6-b1a7-c13660ee5293/resourceGroups/fsdevops-app01/providers/Microsoft.Web/sites/fsdevopsWebapp2022",
            "identity": [],
            "key_vault_reference_identity_id": "SystemAssigned",
            "kind": "app,linux",
            "location": "eastus",
            "logs": [],
            "name": "fsdevopsWebapp2022",
            "outbound_ip_address_list": [
              "20.84.4.119",
              "20.84.7.46",
              "20.84.2.174",
              "20.84.3.19",
              "20.84.2.201",
              "20.84.2.208",
              "20.49.104.41"
            ],
            "outbound_ip_addresses": "20.84.4.119,20.84.7.46,20.84.2.174,20.84.3.19,20.84.2.201,20.84.2.208,20.49.104.41",
            "possible_outbound_ip_address_list": [
              "20.84.4.119",
              "20.84.7.46",
              "20.84.2.174",
              "20.84.3.19",
              "20.84.2.201",
              "20.84.2.208",
              "20.84.2.227",
              "20.84.6.117",
              "20.84.2.233",
              "20.84.3.13",
              "20.84.2.50",
              "20.84.7.161",
              "20.84.7.202",
              "20.84.7.210",
              "20.84.7.254",
              "52.226.240.29",
              "52.226.240.40",
              "52.226.240.42",
              "20.119.104.234",
              "20.119.104.255",
              "20.119.105.11",
              "20.119.105.41",
              "20.119.105.43",
              "20.119.105.47",
              "20.49.104.41"
            ],
            "possible_outbound_ip_addresses": "20.84.4.119,20.84.7.46,20.84.2.174,20.84.3.19,20.84.2.201,20.84.2.208,20.84.2.227,20.84.6.117,20.84.2.233,20.84.3.13,20.84.2.50,20.84.7.161,20.84.7.202,20.84.7.210,20.84.7.254,52.226.240.29,52.226.240.40,52.226.240.42,20.119.104.234,20.119.104.255,20.119.105.11,20.119.105.41,20.119.105.43,20.119.105.47,20.49.104.41",
            "resource_group_name": "fsdevops-app01",
            "service_plan_id": "/subscriptions/76e92d8f-9793-4ec6-b1a7-c13660ee5293/resourceGroups/fsdevops-app01/providers/Microsoft.Web/serverfarms/azurerm_app_service_plan",
            "site_config": [
              {
                "always_on": true,
                "api_definition_url": "",
                "api_management_api_id": "",
                "app_command_line": "",
                "application_stack": [
                  {
                    "docker_image": "",
                    "docker_image_tag": "",
                    "dotnet_version": "",
                    "java_server": "",
                    "java_server_version": "",
                    "java_version": "",
                    "node_version": "",
                    "php_version": "",
                    "python_version": "",
                    "ruby_version": ""
                  }
                ],
                "auto_heal_enabled": false,
                "auto_heal_setting": [],
                "container_registry_managed_identity_client_id": "",
                "container_registry_use_managed_identity": false,
                "cors": [],
                "default_documents": [
                  "Default.htm",
                  "Default.html",
                  "Default.asp",
                  "index.htm",
                  "index.html",
                  "iisstart.htm",
                  "default.aspx",
                  "index.php",
                  "hostingstart.html"
                ],
                "detailed_error_logging_enabled": false,
                "ftps_state": "Disabled",
                "health_check_eviction_time_in_min": 0,
                "health_check_path": "",
                "http2_enabled": false,
                "ip_restriction": [],
                "linux_fx_version": "",
                "load_balancing_mode": "LeastRequests",
                "local_mysql_enabled": false,
                "managed_pipeline_mode": "Integrated",
                "minimum_tls_version": "1.2",
                "remote_debugging_enabled": false,
                "remote_debugging_version": "VS2019",
                "scm_ip_restriction": [],
                "scm_minimum_tls_version": "1.2",
                "scm_type": "None",
                "scm_use_main_ip_restriction": false,
                "use_32_bit_worker": true,
                "vnet_route_all_enabled": false,
                "websockets_enabled": false,
                "worker_count": 1
              }
            ],
            "site_credential": [
              {
                "name": "$fsdevopsWebapp2022",
                "password": "vlzlod9nfDMi0PxmKXTjkXuHxxDqeu7ea7RmlFqiqoscqsZ5tyXYYmCExLGi"
              }
            ],
            "sticky_settings": [],
            "storage_account": [],
            "tags": null,
            "timeouts": null,
            "virtual_network_subnet_id": "",
            "zip_deploy_file": ""
          },
          "sensitive_attributes": [],
          "private": "eyJlMmJmYjczMC1lY2FhLTExZTYtOGY4OC0zNDM2M2JjN2M0YzAiOnsiY3JlYXRlIjoxODAwMDAwMDAwMDAwLCJkZWxldGUiOjE4MDAwMDAwMDAwMDAsInJlYWQiOjMwMDAwMDAwMDAwMCwidXBkYXRlIjoxODAwMDAwMDAwMDAwfX0=",
          "dependencies": [
            "azurerm_resource_group.rg",
            "azurerm_service_plan.appserviceplan"
          ]
        }
      ]
    },
    {
      "mode": "managed",
      "type": "azurerm_network_interface",
      "name": "vmnic",
      "provider": "provider[\"registry.terraform.io/hashicorp/azurerm\"]",
      "instances": [
        {
          "schema_version": 0,
          "attributes": {
            "applied_dns_servers": [],
            "dns_servers": [],
            "edge_zone": "",
            "enable_accelerated_networking": false,
            "enable_ip_forwarding": false,
            "id": "/subscriptions/76e92d8f-9793-4ec6-b1a7-c13660ee5293/resourceGroups/fsdevops-app01/providers/Microsoft.Network/networkInterfaces/fsdevopsvm01nic",
            "internal_dns_name_label": "",
            "internal_domain_name_suffix": "m0nypjspqjxerex1fvj020obyh.bx.internal.cloudapp.net",
            "ip_configuration": [
              {
                "gateway_load_balancer_frontend_ip_configuration_id": "",
                "name": "internal",
                "primary": true,
                "private_ip_address": "10.0.1.4",
                "private_ip_address_allocation": "Dynamic",
                "private_ip_address_version": "IPv4",
                "public_ip_address_id": "",
                "subnet_id": "/subscriptions/76e92d8f-9793-4ec6-b1a7-c13660ee5293/resourceGroups/fsdevops-app01/providers/Microsoft.Network/virtualNetworks/fsdevopsvnet/subnets/VM"
              }
            ],
            "location": "eastus",
            "mac_address": "",
            "name": "fsdevopsvm01nic",
            "private_ip_address": "10.0.1.4",
            "private_ip_addresses": [
              "10.0.1.4"
            ],
            "resource_group_name": "fsdevops-app01",
            "tags": null,
            "timeouts": null,
            "virtual_machine_id": ""
          },
          "sensitive_attributes": [],
          "private": "eyJlMmJmYjczMC1lY2FhLTExZTYtOGY4OC0zNDM2M2JjN2M0YzAiOnsiY3JlYXRlIjoxODAwMDAwMDAwMDAwLCJkZWxldGUiOjE4MDAwMDAwMDAwMDAsInJlYWQiOjMwMDAwMDAwMDAwMCwidXBkYXRlIjoxODAwMDAwMDAwMDAwfX0=",
          "dependencies": [
            "azurerm_resource_group.rg",
            "azurerm_subnet.sn",
            "azurerm_virtual_network.vnet"
          ]
        }
      ]
    },
    {
      "mode": "managed",
      "type": "azurerm_resource_group",
      "name": "rg",
      "provider": "provider[\"registry.terraform.io/hashicorp/azurerm\"]",
      "instances": [
        {
          "schema_version": 0,
          "attributes": {
            "id": "/subscriptions/76e92d8f-9793-4ec6-b1a7-c13660ee5293/resourceGroups/fsdevops-app01",
            "location": "eastus",
            "name": "fsdevops-app01",
            "tags": null,
            "timeouts": null
          },
          "sensitive_attributes": [],
          "private": "eyJlMmJmYjczMC1lY2FhLTExZTYtOGY4OC0zNDM2M2JjN2M0YzAiOnsiY3JlYXRlIjo1NDAwMDAwMDAwMDAwLCJkZWxldGUiOjU0MDAwMDAwMDAwMDAsInJlYWQiOjMwMDAwMDAwMDAwMCwidXBkYXRlIjo1NDAwMDAwMDAwMDAwfX0="
        }
      ]
    },
    {
      "mode": "managed",
      "type": "azurerm_service_plan",
      "name": "appserviceplan",
      "provider": "provider[\"registry.terraform.io/hashicorp/azurerm\"]",
      "instances": [
        {
          "schema_version": 0,
          "attributes": {
            "app_service_environment_id": "",
            "id": "/subscriptions/76e92d8f-9793-4ec6-b1a7-c13660ee5293/resourceGroups/fsdevops-app01/providers/Microsoft.Web/serverfarms/azurerm_app_service_plan",
            "kind": "linux",
            "location": "eastus",
            "maximum_elastic_worker_count": 1,
            "name": "azurerm_app_service_plan",
            "os_type": "Linux",
            "per_site_scaling_enabled": false,
            "reserved": true,
            "resource_group_name": "fsdevops-app01",
            "sku_name": "B1",
            "tags": null,
            "timeouts": null,
            "worker_count": 1,
            "zone_balancing_enabled": false
          },
          "sensitive_attributes": [],
          "private": "eyJlMmJmYjczMC1lY2FhLTExZTYtOGY4OC0zNDM2M2JjN2M0YzAiOnsiY3JlYXRlIjozNjAwMDAwMDAwMDAwLCJkZWxldGUiOjM2MDAwMDAwMDAwMDAsInJlYWQiOjMwMDAwMDAwMDAwMCwidXBkYXRlIjozNjAwMDAwMDAwMDAwfX0=",
          "dependencies": [
            "azurerm_resource_group.rg"
          ]
        }
      ]
    },
    {
      "mode": "managed",
      "type": "azurerm_storage_account",
      "name": "fsdevopssa",
      "provider": "provider[\"registry.terraform.io/hashicorp/azurerm\"]",
      "instances": [
        {
          "schema_version": 3,
          "attributes": {
            "access_tier": "Hot",
            "account_kind": "StorageV2",
            "account_replication_type": "LRS",
            "account_tier": "Standard",
            "allow_nested_items_to_be_public": true,
            "azure_files_authentication": [],
            "blob_properties": [
              {
                "change_feed_enabled": false,
                "change_feed_retention_in_days": 0,
                "container_delete_retention_policy": [],
                "cors_rule": [],
                "default_service_version": "",
                "delete_retention_policy": [],
                "last_access_time_enabled": false,
                "versioning_enabled": false
              }
            ],
            "cross_tenant_replication_enabled": true,
            "custom_domain": [],
            "customer_managed_key": [],
            "default_to_oauth_authentication": false,
            "edge_zone": "",
            "enable_https_traffic_only": true,
            "id": "/subscriptions/76e92d8f-9793-4ec6-b1a7-c13660ee5293/resourceGroups/fsdevops-app01/providers/Microsoft.Storage/storageAccounts/fsdevopssa",
            "identity": [],
            "immutability_policy": [],
            "infrastructure_encryption_enabled": false,
            "is_hns_enabled": false,
            "large_file_share_enabled": null,
            "location": "eastus",
            "min_tls_version": "TLS1_2",
            "name": "fsdevopssa",
            "network_rules": [
              {
                "bypass": [
                  "AzureServices"
                ],
                "default_action": "Allow",
                "ip_rules": [],
                "private_link_access": [],
                "virtual_network_subnet_ids": []
              }
            ],
            "nfsv3_enabled": false,
            "primary_access_key": "NcsOlxRs+G7TQI7sqcaYoyEcBOwtqWsN4HmpLhyUancwBrOJWVtglTHUIv8+cng1q6bbn1fAcNzd+AStdc6a/g==",
            "primary_blob_connection_string": "DefaultEndpointsProtocol=https;BlobEndpoint=https://fsdevopssa.blob.core.windows.net/;AccountName=fsdevopssa;AccountKey=NcsOlxRs+G7TQI7sqcaYoyEcBOwtqWsN4HmpLhyUancwBrOJWVtglTHUIv8+cng1q6bbn1fAcNzd+AStdc6a/g==",
            "primary_blob_endpoint": "https://fsdevopssa.blob.core.windows.net/",
            "primary_blob_host": "fsdevopssa.blob.core.windows.net",
            "primary_connection_string": "DefaultEndpointsProtocol=https;AccountName=fsdevopssa;AccountKey=NcsOlxRs+G7TQI7sqcaYoyEcBOwtqWsN4HmpLhyUancwBrOJWVtglTHUIv8+cng1q6bbn1fAcNzd+AStdc6a/g==;EndpointSuffix=core.windows.net",
            "primary_dfs_endpoint": "https://fsdevopssa.dfs.core.windows.net/",
            "primary_dfs_host": "fsdevopssa.dfs.core.windows.net",
            "primary_file_endpoint": "https://fsdevopssa.file.core.windows.net/",
            "primary_file_host": "fsdevopssa.file.core.windows.net",
            "primary_location": "eastus",
            "primary_queue_endpoint": "https://fsdevopssa.queue.core.windows.net/",
            "primary_queue_host": "fsdevopssa.queue.core.windows.net",
            "primary_table_endpoint": "https://fsdevopssa.table.core.windows.net/",
            "primary_table_host": "fsdevopssa.table.core.windows.net",
            "primary_web_endpoint": "https://fsdevopssa.z13.web.core.windows.net/",
            "primary_web_host": "fsdevopssa.z13.web.core.windows.net",
            "public_network_access_enabled": true,
            "queue_encryption_key_type": "Service",
            "queue_properties": [
              {
                "cors_rule": [],
                "hour_metrics": [
                  {
                    "enabled": true,
                    "include_apis": true,
                    "retention_policy_days": 7,
                    "version": "1.0"
                  }
                ],
                "logging": [
                  {
                    "delete": false,
                    "read": false,
                    "retention_policy_days": 0,
                    "version": "1.0",
                    "write": false
                  }
                ],
                "minute_metrics": [
                  {
                    "enabled": false,
                    "include_apis": false,
                    "retention_policy_days": 0,
                    "version": "1.0"
                  }
                ]
              }
            ],
            "resource_group_name": "fsdevops-app01",
            "routing": [],
            "secondary_access_key": "oNkw2KsudaeVgxKli/wcagbXezEs3S3UysmRRsPpfIvw/jj/0FKnxLyLS+qOOO84lfUpVSCxgkws+ASt29LJ+g==",
            "secondary_blob_connection_string": "",
            "secondary_blob_endpoint": null,
            "secondary_blob_host": null,
            "secondary_connection_string": "DefaultEndpointsProtocol=https;AccountName=fsdevopssa;AccountKey=oNkw2KsudaeVgxKli/wcagbXezEs3S3UysmRRsPpfIvw/jj/0FKnxLyLS+qOOO84lfUpVSCxgkws+ASt29LJ+g==;EndpointSuffix=core.windows.net",
            "secondary_dfs_endpoint": null,
            "secondary_dfs_host": null,
            "secondary_file_endpoint": null,
            "secondary_file_host": null,
            "secondary_location": "",
            "secondary_queue_endpoint": null,
            "secondary_queue_host": null,
            "secondary_table_endpoint": null,
            "secondary_table_host": null,
            "secondary_web_endpoint": null,
            "secondary_web_host": null,
            "share_properties": [
              {
                "cors_rule": [],
                "retention_policy": [
                  {
                    "days": 7
                  }
                ],
                "smb": []
              }
            ],
            "shared_access_key_enabled": true,
            "static_website": [],
            "table_encryption_key_type": "Service",
            "tags": {
              "environment": "fsdevopsrox"
            },
            "timeouts": null
          },
          "sensitive_attributes": [],
          "private": "eyJlMmJmYjczMC1lY2FhLTExZTYtOGY4OC0zNDM2M2JjN2M0YzAiOnsiY3JlYXRlIjozNjAwMDAwMDAwMDAwLCJkZWxldGUiOjM2MDAwMDAwMDAwMDAsInJlYWQiOjMwMDAwMDAwMDAwMCwidXBkYXRlIjozNjAwMDAwMDAwMDAwfSwic2NoZW1hX3ZlcnNpb24iOiIzIn0=",
          "dependencies": [
            "azurerm_resource_group.rg"
          ]
        }
      ]
    },
    {
      "mode": "managed",
      "type": "azurerm_subnet",
      "name": "sn",
      "provider": "provider[\"registry.terraform.io/hashicorp/azurerm\"]",
      "instances": [
        {
          "schema_version": 0,
          "attributes": {
            "address_prefixes": [
              "10.0.1.0/24"
            ],
            "delegation": [],
            "enforce_private_link_endpoint_network_policies": false,
            "enforce_private_link_service_network_policies": false,
            "id": "/subscriptions/76e92d8f-9793-4ec6-b1a7-c13660ee5293/resourceGroups/fsdevops-app01/providers/Microsoft.Network/virtualNetworks/fsdevopsvnet/subnets/VM",
            "name": "VM",
            "private_endpoint_network_policies_enabled": true,
            "private_link_service_network_policies_enabled": true,
            "resource_group_name": "fsdevops-app01",
            "service_endpoint_policy_ids": null,
            "service_endpoints": null,
            "timeouts": null,
            "virtual_network_name": "fsdevopsvnet"
          },
          "sensitive_attributes": [],
          "private": "eyJlMmJmYjczMC1lY2FhLTExZTYtOGY4OC0zNDM2M2JjN2M0YzAiOnsiY3JlYXRlIjoxODAwMDAwMDAwMDAwLCJkZWxldGUiOjE4MDAwMDAwMDAwMDAsInJlYWQiOjMwMDAwMDAwMDAwMCwidXBkYXRlIjoxODAwMDAwMDAwMDAwfX0=",
          "dependencies": [
            "azurerm_resource_group.rg",
            "azurerm_virtual_network.vnet"
          ]
        }
      ]
    },
    {
      "mode": "managed",
      "type": "azurerm_virtual_network",
      "name": "vnet",
      "provider": "provider[\"registry.terraform.io/hashicorp/azurerm\"]",
      "instances": [
        {
          "schema_version": 0,
          "attributes": {
            "address_space": [
              "10.0.0.0/16"
            ],
            "bgp_community": "",
            "ddos_protection_plan": [],
            "dns_servers": [],
            "edge_zone": "",
            "flow_timeout_in_minutes": 0,
            "guid": "a6879b66-824f-486e-92fb-2d53ae69c1c7",
            "id": "/subscriptions/76e92d8f-9793-4ec6-b1a7-c13660ee5293/resourceGroups/fsdevops-app01/providers/Microsoft.Network/virtualNetworks/fsdevopsvnet",
            "location": "eastus",
            "name": "fsdevopsvnet",
            "resource_group_name": "fsdevops-app01",
            "subnet": [],
            "tags": null,
            "timeouts": null
          },
          "sensitive_attributes": [],
          "private": "eyJlMmJmYjczMC1lY2FhLTExZTYtOGY4OC0zNDM2M2JjN2M0YzAiOnsiY3JlYXRlIjoxODAwMDAwMDAwMDAwLCJkZWxldGUiOjE4MDAwMDAwMDAwMDAsInJlYWQiOjMwMDAwMDAwMDAwMCwidXBkYXRlIjoxODAwMDAwMDAwMDAwfX0=",
          "dependencies": [
            "azurerm_resource_group.rg"
          ]
        }
      ]
    }
  ],
  "check_results": []
}
